
Microsoft Visual Studio Solution File, Format Version 12.00
# Visual Studio 2012
Project("{9344BDBB-3E7F-41FC-A0DD-8665D75EE146}") = "oneflow", "oneflow.mdproj", "{C7F996FA-DDA9-46B0-A265-593A5E2AC0BD}"
EndProject
Global
	GlobalSection(SolutionConfigurationPlatforms) = preSolution
		Default|Any CPU = Default|Any CPU
	EndGlobalSection
	GlobalSection(ProjectConfigurationPlatforms) = postSolution
		{C7F996FA-DDA9-46B0-A265-593A5E2AC0BD}.Default|Any CPU.ActiveCfg = Default|Any CPU
		{C7F996FA-DDA9-46B0-A265-593A5E2AC0BD}.Default|Any CPU.Build.0 = Default|Any CPU
	EndGlobalSection
EndGlobal
